{
  "name": "scripta",
  "version": "0.1.0",
  "lockfileVersion": 3,
  "requires": true,
  "packages": {
    "": {
      "name": "scripta",
      "version": "0.1.0",
      "license": "MIT",
      "dependencies": {
        "achillesAgentLib": "github:OutfinityResearch/AchillesAgentLib"
      },
      "engines": {
        "node": ">=18.0.0"
      }
    },
    "node_modules/achillesAgentLib": {
      "name": "ploinky-agent-lib",
      "version": "0.1.0",
      "resolved": "git+ssh://git@github.com/OutfinityResearch/AchillesAgentLib.git#c174d7c5eb7a926903c7f44888948aa58085cc94",
      "license": "MIT",
      "dependencies": {
        "flexsearch": "^0.8.212"
      }
    },
    "node_modules/flexsearch": {
      "version": "0.8.212",
      "resolved": "https://registry.npmjs.org/flexsearch/-/flexsearch-0.8.212.tgz",
      "integrity": "sha512-wSyJr1GUWoOOIISRu+X2IXiOcVfg9qqBRyCPRUdLMIGJqPzMo+jMRlvE83t14v1j0dRMEaBbER/adQjp6Du2pw==",
      "funding": [
        {
          "type": "github",
          "url": "https://github.com/ts-thomas"
        },
        {
          "type": "paypal",
          "url": "https://www.paypal.com/donate/?hosted_button_id=GEVR88FC9BWRW"
        },
        {
          "type": "opencollective",
          "url": "https://opencollective.com/flexsearch"
        },
        {
          "type": "patreon",
          "url": "https://patreon.com/user?u=96245532"
        },
        {
          "type": "liberapay",
          "url": "https://liberapay.com/ts-thomas"
        }
      ],
      "license": "Apache-2.0"
    }
  }
}
